
Microsoft Visual Studio Solution File, Format Version 12.00
# Visual Studio Version 16
VisualStudioVersion = 16.0.29215.179
MinimumVisualStudioVersion = 10.0.40219.1
Project("{FAE04EC0-301F-11D3-BF4B-00C04F79EFBC}") = "Flertrådad assignment 5 car race", "Flertrådad assignment 5 car race\Flertrådad assignment 5 car race.csproj", "{AE11A7EF-E7EC-4994-8735-57BD549DB9BC}"
EndProject
Global
	GlobalSection(SolutionConfigurationPlatforms) = preSolution
		Debug|Any CPU = Debug|Any CPU
		Release|Any CPU = Release|Any CPU
	EndGlobalSection
	GlobalSection(ProjectConfigurationPlatforms) = postSolution
		{AE11A7EF-E7EC-4994-8735-57BD549DB9BC}.Debug|Any CPU.ActiveCfg = Debug|Any CPU
		{AE11A7EF-E7EC-4994-8735-57BD549DB9BC}.Debug|Any CPU.Build.0 = Debug|Any CPU
		{AE11A7EF-E7EC-4994-8735-57BD549DB9BC}.Release|Any CPU.ActiveCfg = Release|Any CPU
		{AE11A7EF-E7EC-4994-8735-57BD549DB9BC}.Release|Any CPU.Build.0 = Release|Any CPU
	EndGlobalSection
	GlobalSection(SolutionProperties) = preSolution
		HideSolutionNode = FALSE
	EndGlobalSection
	GlobalSection(ExtensibilityGlobals) = postSolution
		SolutionGuid = {4F84A34C-E951-4BD7-AF62-35F1A7B227F6}
	EndGlobalSection
EndGlobal
